
Microsoft Visual Studio Solution File, Format Version 12.00
# Visual Studio Version 16
VisualStudioVersion = 16.0.31702.278
MinimumVisualStudioVersion = 10.0.40219.1
Project("{FAE04EC0-301F-11D3-BF4B-00C04F79EFBC}") = "Project_Storage", "Project_Storage\Project_Storage.csproj", "{C9B0398C-BDB1-4C24-8739-979630EE2427}"
EndProject
Global
	GlobalSection(SolutionConfigurationPlatforms) = preSolution
		Debug|Any CPU = Debug|Any CPU
		Release|Any CPU = Release|Any CPU
	EndGlobalSection
	GlobalSection(ProjectConfigurationPlatforms) = postSolution
		{C9B0398C-BDB1-4C24-8739-979630EE2427}.Debug|Any CPU.ActiveCfg = Debug|Any CPU
		{C9B0398C-BDB1-4C24-8739-979630EE2427}.Debug|Any CPU.Build.0 = Debug|Any CPU
		{C9B0398C-BDB1-4C24-8739-979630EE2427}.Release|Any CPU.ActiveCfg = Release|Any CPU
		{C9B0398C-BDB1-4C24-8739-979630EE2427}.Release|Any CPU.Build.0 = Release|Any CPU
	EndGlobalSection
	GlobalSection(SolutionProperties) = preSolution
		HideSolutionNode = FALSE
	EndGlobalSection
	GlobalSection(ExtensibilityGlobals) = postSolution
		SolutionGuid = {940826E9-79FD-4A57-B4DD-473C9FAD5DF8}
	EndGlobalSection
EndGlobal
